{
    "_readme": [
        "This file locks the dependencies of your project to a known state",
        "Read more about it at https://getcomposer.org/doc/01-basic-usage.md#installing-dependencies",
        "This file is @generated automatically"
    ],
    "content-hash": "9f4dba09451749d9ef663c2109a54e3f",
    "packages": [
        {
            "name": "almasaeed2010/adminlte",
            "version": "v3.1.0",
            "source": {
                "type": "git",
                "url": "https://github.com/ColorlibHQ/AdminLTE.git",
                "reference": "c641d7f5716ed47e76f70ab16e05ae41420120b8"
            },
            "dist": {
                "type": "zip",
                "url": "https://api.github.com/repos/ColorlibHQ/AdminLTE/zipball/c641d7f5716ed47e76f70ab16e05ae41420120b8",
                "reference": "c641d7f5716ed47e76f70ab16e05ae41420120b8",
                "shasum": ""
            },
            "type": "library",
            "notification-url": "https://packagist.org/downloads/",
            "license": [
                "MIT"
            ],
            "authors": [
                {
                    "name": "Colorlib"
                }
            ],
            "description": "AdminLTE - admin control panel and dashboard that's based on Bootstrap 4",
            "homepage": "https://adminlte.io/",
            "keywords": [
                "JS",
                "admin",
                "back-end",
                "css",
                "less",
                "responsive",
                "template",
                "theme",
                "web"
            ],
            "support": {
                "issues": "https://github.com/ColorlibHQ/AdminLTE/issues",
                "source": "https://github.com/ColorlibHQ/AdminLTE/tree/v3.1.0"
            },
            "time": "2021-03-22T07:30:50+00:00"
        }
    ],
    "packages-dev": [],
    "aliases": [],
    "minimum-stability": "stable",
    "stability-flags": [],
    "prefer-stable": false,
    "prefer-lowest": false,
    "platform": [],
    "platform-dev": [],
    "plugin-api-version": "2.1.0"
}
